
Microsoft Visual Studio Solution File, Format Version 12.00
# Visual Studio Version 17
VisualStudioVersion = 17.14.36717.8
MinimumVisualStudioVersion = 10.0.40219.1
Project("{8BC9CEB8-8B4A-11D0-8D11-00A0C91BC942}") = "우선순위 큐", "우선순위 큐\우선순위 큐.vcxproj", "{2712B68E-8DB3-4535-AE63-BFEFD5E010F4}"
EndProject
Project("{8BC9CEB8-8B4A-11D0-8D11-00A0C91BC942}") = "하프먼 코드", "하프먼 코드\Proj_14_HBG.vcxproj", "{AA75E875-0018-4549-B273-9FBBCFFD8976}"
EndProject
Global
	GlobalSection(SolutionConfigurationPlatforms) = preSolution
		Debug|x64 = Debug|x64
		Debug|x86 = Debug|x86
		Release|x64 = Release|x64
		Release|x86 = Release|x86
	EndGlobalSection
	GlobalSection(ProjectConfigurationPlatforms) = postSolution
		{2712B68E-8DB3-4535-AE63-BFEFD5E010F4}.Debug|x64.ActiveCfg = Debug|x64
		{2712B68E-8DB3-4535-AE63-BFEFD5E010F4}.Debug|x64.Build.0 = Debug|x64
		{2712B68E-8DB3-4535-AE63-BFEFD5E010F4}.Debug|x86.ActiveCfg = Debug|Win32
		{2712B68E-8DB3-4535-AE63-BFEFD5E010F4}.Debug|x86.Build.0 = Debug|Win32
		{2712B68E-8DB3-4535-AE63-BFEFD5E010F4}.Release|x64.ActiveCfg = Release|x64
		{2712B68E-8DB3-4535-AE63-BFEFD5E010F4}.Release|x64.Build.0 = Release|x64
		{2712B68E-8DB3-4535-AE63-BFEFD5E010F4}.Release|x86.ActiveCfg = Release|Win32
		{2712B68E-8DB3-4535-AE63-BFEFD5E010F4}.Release|x86.Build.0 = Release|Win32
		{AA75E875-0018-4549-B273-9FBBCFFD8976}.Debug|x64.ActiveCfg = Debug|x64
		{AA75E875-0018-4549-B273-9FBBCFFD8976}.Debug|x64.Build.0 = Debug|x64
		{AA75E875-0018-4549-B273-9FBBCFFD8976}.Debug|x86.ActiveCfg = Debug|Win32
		{AA75E875-0018-4549-B273-9FBBCFFD8976}.Debug|x86.Build.0 = Debug|Win32
		{AA75E875-0018-4549-B273-9FBBCFFD8976}.Release|x64.ActiveCfg = Release|x64
		{AA75E875-0018-4549-B273-9FBBCFFD8976}.Release|x64.Build.0 = Release|x64
		{AA75E875-0018-4549-B273-9FBBCFFD8976}.Release|x86.ActiveCfg = Release|Win32
		{AA75E875-0018-4549-B273-9FBBCFFD8976}.Release|x86.Build.0 = Release|Win32
	EndGlobalSection
	GlobalSection(SolutionProperties) = preSolution
		HideSolutionNode = FALSE
	EndGlobalSection
	GlobalSection(ExtensibilityGlobals) = postSolution
		SolutionGuid = {0C276718-3DDB-4F4A-8B19-F2FBB0800BE8}
	EndGlobalSection
EndGlobal
